// !$*UTF8*$!
{
	archiveVersion = 1;
	classes = {
	};
	objectVersion = 46;
	objects = {

/* Begin PBXBuildFile section */
		A6DCFE771AC0458F007E86D1 /* bioswift-core.h in Headers */ = {isa = PBXBuildFile; fileRef = A6DCFE761AC0458F007E86D1 /* bioswift-core.h */; settings = {ATTRIBUTES = (Public, ); }; };
		A6DCFE7D1AC0458F007E86D1 /* bioswift-core.framework in Frameworks */ = {isa = PBXBuildFile; fileRef = A6DCFE711AC0458F007E86D1 /* bioswift-core.framework */; };
		A6DCFE841AC0458F007E86D1 /* bioswift_coreTests.swift in Sources */ = {isa = PBXBuildFile; fileRef = A6DCFE831AC0458F007E86D1 /* bioswift_coreTests.swift */; };
/* End PBXBuildFile section */

/* Begin PBXContainerItemProxy section */
		A6DCFE7E1AC0458F007E86D1 /* PBXContainerItemProxy */ = {
			isa = PBXContainerItemProxy;
			containerPortal = A6DCFE681AC0458F007E86D1 /* Project object */;
			proxyType = 1;
			remoteGlobalIDString = A6DCFE701AC0458F007E86D1;
			remoteInfo = "bioswift-core";
		};
/* End PBXContainerItemProxy section */

/* Begin PBXFileReference section */
		A6DCFE711AC0458F007E86D1 /* bioswift-core.framework */ = {isa = PBXFileReference; explicitFileType = wrapper.framework; includeInIndex = 0; path = "bioswift-core.framework"; sourceTree = BUILT_PRODUCTS_DIR; };
		A6DCFE751AC0458F007E86D1 /* Info.plist */ = {isa = PBXFileReference; lastKnownFileType = text.plist.xml; path = Info.plist; sourceTree = "<group>"; };
		A6DCFE761AC0458F007E86D1 /* bioswift-core.h */ = {isa = PBXFileReference; lastKnownFileType = sourcecode.c.h; path = "bioswift-core.h"; sourceTree = "<group>"; };
		A6DCFE7C1AC0458F007E86D1 /* bioswift-coreTests.xctest */ = {isa = PBXFileReference; explicitFileType = wrapper.cfbundle; includeInIndex = 0; path = "bioswift-coreTests.xctest"; sourceTree = BUILT_PRODUCTS_DIR; };
		A6DCFE821AC0458F007E86D1 /* Info.plist */ = {isa = PBXFileReference; lastKnownFileType = text.plist.xml; path = Info.plist; sourceTree = "<group>"; };
		A6DCFE831AC0458F007E86D1 /* bioswift_coreTests.swift */ = {isa = PBXFileReference; lastKnownFileType = sourcecode.swift; path = bioswift_coreTests.swift; sourceTree = "<group>"; };
/* End PBXFileReference section */

/* Begin PBXFrameworksBuildPhase section */
		A6DCFE6D1AC0458F007E86D1 /* Frameworks */ = {
			isa = PBXFrameworksBuildPhase;
			buildActionMask = 2147483647;
			files = (
			);
			runOnlyForDeploymentPostprocessing = 0;
		};
		A6DCFE791AC0458F007E86D1 /* Frameworks */ = {
			isa = PBXFrameworksBuildPhase;
			buildActionMask = 2147483647;
			files = (
				A6DCFE7D1AC0458F007E86D1 /* bioswift-core.framework in Frameworks */,
			);
			runOnlyForDeploymentPostprocessing = 0;
		};
/* End PBXFrameworksBuildPhase section */

/* Begin PBXGroup section */
		A6DCFE671AC0458F007E86D1 = {
			isa = PBXGroup;
			children = (
				A6DCFE731AC0458F007E86D1 /* bioswift-core */,
				A6DCFE801AC0458F007E86D1 /* bioswift-coreTests */,
				A6DCFE721AC0458F007E86D1 /* Products */,
			);
			sourceTree = "<group>";
		};
		A6DCFE721AC0458F007E86D1 /* Products */ = {
			isa = PBXGroup;
			children = (
				A6DCFE711AC0458F007E86D1 /* bioswift-core.framework */,
				A6DCFE7C1AC0458F007E86D1 /* bioswift-coreTests.xctest */,
			);
			name = Products;
			sourceTree = "<group>";
		};
		A6DCFE731AC0458F007E86D1 /* bioswift-core */ = {
			isa = PBXGroup;
			children = (
				A6DCFE761AC0458F007E86D1 /* bioswift-core.h */,
				A6DCFE741AC0458F007E86D1 /* Supporting Files */,
			);
			path = "bioswift-core";
			sourceTree = "<group>";
		};
		A6DCFE741AC0458F007E86D1 /* Supporting Files */ = {
			isa = PBXGroup;
			children = (
				A6DCFE751AC0458F007E86D1 /* Info.plist */,
			);
			name = "Supporting Files";
			sourceTree = "<group>";
		};
		A6DCFE801AC0458F007E86D1 /* bioswift-coreTests */ = {
			isa = PBXGroup;
			children = (
				A6DCFE831AC0458F007E86D1 /* bioswift_coreTests.swift */,
				A6DCFE811AC0458F007E86D1 /* Supporting Files */,
			);
			path = "bioswift-coreTests";
			sourceTree = "<group>";
		};
		A6DCFE811AC0458F007E86D1 /* Supporting Files */ = {
			isa = PBXGroup;
			children = (
				A6DCFE821AC0458F007E86D1 /* Info.plist */,
			);
			name = "Supporting Files";
			sourceTree = "<group>";
		};
/* End PBXGroup section */

/* Begin PBXHeadersBuildPhase section */
		A6DCFE6E1AC0458F007E86D1 /* Headers */ = {
			isa = PBXHeadersBuildPhase;
			buildActionMask = 2147483647;
			files = (
				A6DCFE771AC0458F007E86D1 /* bioswift-core.h in Headers */,
			);
			runOnlyForDeploymentPostprocessing = 0;
		};
/* End PBXHeadersBuildPhase section */

/* Begin PBXNativeTarget section */
		A6DCFE701AC0458F007E86D1 /* bioswift-core */ = {
			isa = PBXNativeTarget;
			buildConfigurationList = A6DCFE871AC0458F007E86D1 /* Build configuration list for PBXNativeTarget "bioswift-core" */;
			buildPhases = (
				A6DCFE6C1AC0458F007E86D1 /* Sources */,
				A6DCFE6D1AC0458F007E86D1 /* Frameworks */,
				A6DCFE6E1AC0458F007E86D1 /* Headers */,
				A6DCFE6F1AC0458F007E86D1 /* Resources */,
			);
			buildRules = (
			);
			dependencies = (
			);
			name = "bioswift-core";
			productName = "bioswift-core";
			productReference = A6DCFE711AC0458F007E86D1 /* bioswift-core.framework */;
			productType = "com.apple.product-type.framework";
		};
		A6DCFE7B1AC0458F007E86D1 /* bioswift-coreTests */ = {
			isa = PBXNativeTarget;
			buildConfigurationList = A6DCFE8A1AC0458F007E86D1 /* Build configuration list for PBXNativeTarget "bioswift-coreTests" */;
			buildPhases = (
				A6DCFE781AC0458F007E86D1 /* Sources */,
				A6DCFE791AC0458F007E86D1 /* Frameworks */,
				A6DCFE7A1AC0458F007E86D1 /* Resources */,
			);
			buildRules = (
			);
			dependencies = (
				A6DCFE7F1AC0458F007E86D1 /* PBXTargetDependency */,
			);
			name = "bioswift-coreTests";
			productName = "bioswift-coreTests";
			productReference = A6DCFE7C1AC0458F007E86D1 /* bioswift-coreTests.xctest */;
			productType = "com.apple.product-type.bundle.unit-test";
		};
/* End PBXNativeTarget section */

/* Begin PBXProject section */
		A6DCFE681AC0458F007E86D1 /* Project object */ = {
			isa = PBXProject;
			attributes = {
				LastUpgradeCheck = 0630;
				ORGANIZATIONNAME = bluetatami;
				TargetAttributes = {
					A6DCFE701AC0458F007E86D1 = {
						CreatedOnToolsVersion = 6.3;
					};
					A6DCFE7B1AC0458F007E86D1 = {
						CreatedOnToolsVersion = 6.3;
					};
				};
			};
			buildConfigurationList = A6DCFE6B1AC0458F007E86D1 /* Build configuration list for PBXProject "bioswift-core" */;
			compatibilityVersion = "Xcode 3.2";
			developmentRegion = English;
			hasScannedForEncodings = 0;
			knownRegions = (
				en,
			);
			mainGroup = A6DCFE671AC0458F007E86D1;
			productRefGroup = A6DCFE721AC0458F007E86D1 /* Products */;
			projectDirPath = "";
			projectRoot = "";
			targets = (
				A6DCFE701AC0458F007E86D1 /* bioswift-core */,
				A6DCFE7B1AC0458F007E86D1 /* bioswift-coreTests */,
			);
		};
/* End PBXProject section */

/* Begin PBXResourcesBuildPhase section */
		A6DCFE6F1AC0458F007E86D1 /* Resources */ = {
			isa = PBXResourcesBuildPhase;
			buildActionMask = 2147483647;
			files = (
			);
			runOnlyForDeploymentPostprocessing = 0;
		};
		A6DCFE7A1AC0458F007E86D1 /* Resources */ = {
			isa = PBXResourcesBuildPhase;
			buildActionMask = 2147483647;
			files = (
			);
			runOnlyForDeploymentPostprocessing = 0;
		};
/* End PBXResourcesBuildPhase section */

/* Begin PBXSourcesBuildPhase section */
		A6DCFE6C1AC0458F007E86D1 /* Sources */ = {
			isa = PBXSourcesBuildPhase;
			buildActionMask = 2147483647;
			files = (
			);
			runOnlyForDeploymentPostprocessing = 0;
		};
		A6DCFE781AC0458F007E86D1 /* Sources */ = {
			isa = PBXSourcesBuildPhase;
			buildActionMask = 2147483647;
			files = (
				A6DCFE841AC0458F007E86D1 /* bioswift_coreTests.swift in Sources */,
			);
			runOnlyForDeploymentPostprocessing = 0;
		};
/* End PBXSourcesBuildPhase section */

/* Begin PBXTargetDependency section */
		A6DCFE7F1AC0458F007E86D1 /* PBXTargetDependency */ = {
			isa = PBXTargetDependency;
			target = A6DCFE701AC0458F007E86D1 /* bioswift-core */;
			targetProxy = A6DCFE7E1AC0458F007E86D1 /* PBXContainerItemProxy */;
		};
/* End PBXTargetDependency section */

/* Begin XCBuildConfiguration section */
		A6DCFE851AC0458F007E86D1 /* Debug */ = {
			isa = XCBuildConfiguration;
			buildSettings = {
				ALWAYS_SEARCH_USER_PATHS = NO;
				CLANG_CXX_LANGUAGE_STANDARD = "gnu++0x";
				CLANG_CXX_LIBRARY = "libc++";
				CLANG_ENABLE_MODULES = YES;
				CLANG_ENABLE_OBJC_ARC = YES;
				CLANG_WARN_BOOL_CONVERSION = YES;
				CLANG_WARN_CONSTANT_CONVERSION = YES;
				CLANG_WARN_DIRECT_OBJC_ISA_USAGE = YES_ERROR;
				CLANG_WARN_EMPTY_BODY = YES;
				CLANG_WARN_ENUM_CONVERSION = YES;
				CLANG_WARN_INT_CONVERSION = YES;
				CLANG_WARN_OBJC_ROOT_CLASS = YES_ERROR;
				CLANG_WARN_UNREACHABLE_CODE = YES;
				CLANG_WARN__DUPLICATE_METHOD_MATCH = YES;
				COPY_PHASE_STRIP = NO;
				CURRENT_PROJECT_VERSION = 1;
				DEBUG_INFORMATION_FORMAT = dwarf;
				ENABLE_STRICT_OBJC_MSGSEND = YES;
				GCC_C_LANGUAGE_STANDARD = gnu99;
				GCC_DYNAMIC_NO_PIC = NO;
				GCC_NO_COMMON_BLOCKS = YES;
				GCC_OPTIMIZATION_LEVEL = 0;
				GCC_PREPROCESSOR_DEFINITIONS = (
					"DEBUG=1",
					"$(inherited)",
				);
				GCC_SYMBOLS_PRIVATE_EXTERN = NO;
				GCC_WARN_64_TO_32_BIT_CONVERSION = YES;
				GCC_WARN_ABOUT_RETURN_TYPE = YES_ERROR;
				GCC_WARN_UNDECLARED_SELECTOR = YES;
				GCC_WARN_UNINITIALIZED_AUTOS = YES_AGGRESSIVE;
				GCC_WARN_UNUSED_FUNCTION = YES;
				GCC_WARN_UNUSED_VARIABLE = YES;
				MACOSX_DEPLOYMENT_TARGET = 10.10;
				MTL_ENABLE_DEBUG_INFO = YES;
				ONLY_ACTIVE_ARCH = YES;
				SDKROOT = macosx;
				SWIFT_OPTIMIZATION_LEVEL = "-Onone";
				VERSIONING_SYSTEM = "apple-generic";
				VERSION_INFO_PREFIX = "";
			};
			name = Debug;
		};
		A6DCFE861AC0458F007E86D1 /* Release */ = {
			isa = XCBuildConfiguration;
			buildSettings = {
				ALWAYS_SEARCH_USER_PATHS = NO;
				CLANG_CXX_LANGUAGE_STANDARD = "gnu++0x";
				CLANG_CXX_LIBRARY = "libc++";
				CLANG_ENABLE_MODULES = YES;
				CLANG_ENABLE_OBJC_ARC = YES;
				CLANG_WARN_BOOL_CONVERSION = YES;
				CLANG_WARN_CONSTANT_CONVERSION = YES;
				CLANG_WARN_DIRECT_OBJC_ISA_USAGE = YES_ERROR;
				CLANG_WARN_EMPTY_BODY = YES;
				CLANG_WARN_ENUM_CONVERSION = YES;
				CLANG_WARN_INT_CONVERSION = YES;
				CLANG_WARN_OBJC_ROOT_CLASS = YES_ERROR;
				CLANG_WARN_UNREACHABLE_CODE = YES;
				CLANG_WARN__DUPLICATE_METHOD_MATCH = YES;
				COPY_PHASE_STRIP = NO;
				CURRENT_PROJECT_VERSION = 1;
				DEBUG_INFORMATION_FORMAT = "dwarf-with-dsym";
				ENABLE_NS_ASSERTIONS = NO;
				ENABLE_STRICT_OBJC_MSGSEND = YES;
				GCC_C_LANGUAGE_STANDARD = gnu99;
				GCC_NO_COMMON_BLOCKS = YES;
				GCC_WARN_64_TO_32_BIT_CONVERSION = YES;
				GCC_WARN_ABOUT_RETURN_TYPE = YES_ERROR;
				GCC_WARN_UNDECLARED_SELECTOR = YES;
				GCC_WARN_UNINITIALIZED_AUTOS = YES_AGGRESSIVE;
				GCC_WARN_UNUSED_FUNCTION = YES;
				GCC_WARN_UNUSED_VARIABLE = YES;
				MACOSX_DEPLOYMENT_TARGET = 10.10;
				MTL_ENABLE_DEBUG_INFO = NO;
				SDKROOT = macosx;
				VERSIONING_SYSTEM = "apple-generic";
				VERSION_INFO_PREFIX = "";
			};
			name = Release;
		};
		A6DCFE881AC0458F007E86D1 /* Debug */ = {
			isa = XCBuildConfiguration;
			buildSettings = {
				COMBINE_HIDPI_IMAGES = YES;
				DEFINES_MODULE = YES;
				DYLIB_COMPATIBILITY_VERSION = 1;
				DYLIB_CURRENT_VERSION = 1;
				DYLIB_INSTALL_NAME_BASE = "@rpath";
				FRAMEWORK_VERSION = A;
				INFOPLIST_FILE = "bioswift-core/Info.plist";
				INSTALL_PATH = "$(LOCAL_LIBRARY_DIR)/Frameworks";
				LD_RUNPATH_SEARCH_PATHS = "$(inherited) @executable_path/../Frameworks @loader_path/Frameworks";
				PRODUCT_NAME = "$(TARGET_NAME)";
				SKIP_INSTALL = YES;
			};
			name = Debug;
		};
		A6DCFE891AC0458F007E86D1 /* Release */ = {
			isa = XCBuildConfiguration;
			buildSettings = {
				COMBINE_HIDPI_IMAGES = YES;
				DEFINES_MODULE = YES;
				DYLIB_COMPATIBILITY_VERSION = 1;
				DYLIB_CURRENT_VERSION = 1;
				DYLIB_INSTALL_NAME_BASE = "@rpath";
				FRAMEWORK_VERSION = A;
				INFOPLIST_FILE = "bioswift-core/Info.plist";
				INSTALL_PATH = "$(LOCAL_LIBRARY_DIR)/Frameworks";
				LD_RUNPATH_SEARCH_PATHS = "$(inherited) @executable_path/../Frameworks @loader_path/Frameworks";
				PRODUCT_NAME = "$(TARGET_NAME)";
				SKIP_INSTALL = YES;
			};
			name = Release;
		};
		A6DCFE8B1AC0458F007E86D1 /* Debug */ = {
			isa = XCBuildConfiguration;
			buildSettings = {
				COMBINE_HIDPI_IMAGES = YES;
				FRAMEWORK_SEARCH_PATHS = (
					"$(DEVELOPER_FRAMEWORKS_DIR)",
					"$(inherited)",
				);
				GCC_PREPROCESSOR_DEFINITIONS = (
					"DEBUG=1",
					"$(inherited)",
				);
				INFOPLIST_FILE = "bioswift-coreTests/Info.plist";
				LD_RUNPATH_SEARCH_PATHS = "$(inherited) @executable_path/../Frameworks @loader_path/../Frameworks";
				PRODUCT_NAME = "$(TARGET_NAME)";
			};
			name = Debug;
		};
		A6DCFE8C1AC0458F007E86D1 /* Release */ = {
			isa = XCBuildConfiguration;
			buildSettings = {
				COMBINE_HIDPI_IMAGES = YES;
				FRAMEWORK_SEARCH_PATHS = (
					"$(DEVELOPER_FRAMEWORKS_DIR)",
					"$(inherited)",
				);
				INFOPLIST_FILE = "bioswift-coreTests/Info.plist";
				LD_RUNPATH_SEARCH_PATHS = "$(inherited) @executable_path/../Frameworks @loader_path/../Frameworks";
				PRODUCT_NAME = "$(TARGET_NAME)";
			};
			name = Release;
		};
/* End XCBuildConfiguration section */

/* Begin XCConfigurationList section */
		A6DCFE6B1AC0458F007E86D1 /* Build configuration list for PBXProject "bioswift-core" */ = {
			isa = XCConfigurationList;
			buildConfigurations = (
				A6DCFE851AC0458F007E86D1 /* Debug */,
				A6DCFE861AC0458F007E86D1 /* Release */,
			);
			defaultConfigurationIsVisible = 0;
			defaultConfigurationName = Release;
		};
		A6DCFE871AC0458F007E86D1 /* Build configuration list for PBXNativeTarget "bioswift-core" */ = {
			isa = XCConfigurationList;
			buildConfigurations = (
				A6DCFE881AC0458F007E86D1 /* Debug */,
				A6DCFE891AC0458F007E86D1 /* Release */,
			);
			defaultConfigurationIsVisible = 0;
		};
		A6DCFE8A1AC0458F007E86D1 /* Build configuration list for PBXNativeTarget "bioswift-coreTests" */ = {
			isa = XCConfigurationList;
			buildConfigurations = (
				A6DCFE8B1AC0458F007E86D1 /* Debug */,
				A6DCFE8C1AC0458F007E86D1 /* Release */,
			);
			defaultConfigurationIsVisible = 0;
		};
/* End XCConfigurationList section */
	};
	rootObject = A6DCFE681AC0458F007E86D1 /* Project object */;
}
