// !$*UTF8*$!
{
	archiveVersion = 1;
	classes = {
	};
	objectVersion = 46;
	objects = {

/* Begin PBXBuildFile section */
		A6DCFEF81AC0ABA4007E86D1 /* bioswift-fastq.h in Headers */ = {isa = PBXBuildFile; fileRef = A6DCFEF71AC0ABA4007E86D1 /* bioswift-fastq.h */; settings = {ATTRIBUTES = (Public, ); }; };
		A6DCFEFE1AC0ABA4007E86D1 /* bioswift-fastq.framework in Frameworks */ = {isa = PBXBuildFile; fileRef = A6DCFEF21AC0ABA4007E86D1 /* bioswift-fastq.framework */; };
		A6DCFF051AC0ABA4007E86D1 /* bioswift_fastqTests.swift in Sources */ = {isa = PBXBuildFile; fileRef = A6DCFF041AC0ABA4007E86D1 /* bioswift_fastqTests.swift */; };
		A6DCFF0F1AC0ABF7007E86D1 /* FASTQType.swift in Sources */ = {isa = PBXBuildFile; fileRef = A6DCFF0E1AC0ABF7007E86D1 /* FASTQType.swift */; };
/* End PBXBuildFile section */

/* Begin PBXContainerItemProxy section */
		A6DCFEFF1AC0ABA4007E86D1 /* PBXContainerItemProxy */ = {
			isa = PBXContainerItemProxy;
			containerPortal = A6DCFEE91AC0ABA4007E86D1 /* Project object */;
			proxyType = 1;
			remoteGlobalIDString = A6DCFEF11AC0ABA4007E86D1;
			remoteInfo = "bioswift-fastq";
		};
/* End PBXContainerItemProxy section */

/* Begin PBXFileReference section */
		A6DCFEF21AC0ABA4007E86D1 /* bioswift-fastq.framework */ = {isa = PBXFileReference; explicitFileType = wrapper.framework; includeInIndex = 0; path = "bioswift-fastq.framework"; sourceTree = BUILT_PRODUCTS_DIR; };
		A6DCFEF61AC0ABA4007E86D1 /* Info.plist */ = {isa = PBXFileReference; lastKnownFileType = text.plist.xml; path = Info.plist; sourceTree = "<group>"; };
		A6DCFEF71AC0ABA4007E86D1 /* bioswift-fastq.h */ = {isa = PBXFileReference; lastKnownFileType = sourcecode.c.h; path = "bioswift-fastq.h"; sourceTree = "<group>"; };
		A6DCFEFD1AC0ABA4007E86D1 /* bioswift-fastqTests.xctest */ = {isa = PBXFileReference; explicitFileType = wrapper.cfbundle; includeInIndex = 0; path = "bioswift-fastqTests.xctest"; sourceTree = BUILT_PRODUCTS_DIR; };
		A6DCFF031AC0ABA4007E86D1 /* Info.plist */ = {isa = PBXFileReference; lastKnownFileType = text.plist.xml; path = Info.plist; sourceTree = "<group>"; };
		A6DCFF041AC0ABA4007E86D1 /* bioswift_fastqTests.swift */ = {isa = PBXFileReference; lastKnownFileType = sourcecode.swift; path = bioswift_fastqTests.swift; sourceTree = "<group>"; };
		A6DCFF0E1AC0ABF7007E86D1 /* FASTQType.swift */ = {isa = PBXFileReference; fileEncoding = 4; lastKnownFileType = sourcecode.swift; path = FASTQType.swift; sourceTree = "<group>"; };
/* End PBXFileReference section */

/* Begin PBXFrameworksBuildPhase section */
		A6DCFEEE1AC0ABA4007E86D1 /* Frameworks */ = {
			isa = PBXFrameworksBuildPhase;
			buildActionMask = 2147483647;
			files = (
			);
			runOnlyForDeploymentPostprocessing = 0;
		};
		A6DCFEFA1AC0ABA4007E86D1 /* Frameworks */ = {
			isa = PBXFrameworksBuildPhase;
			buildActionMask = 2147483647;
			files = (
				A6DCFEFE1AC0ABA4007E86D1 /* bioswift-fastq.framework in Frameworks */,
			);
			runOnlyForDeploymentPostprocessing = 0;
		};
/* End PBXFrameworksBuildPhase section */

/* Begin PBXGroup section */
		A6DCFEE81AC0ABA4007E86D1 = {
			isa = PBXGroup;
			children = (
				A6DCFEF41AC0ABA4007E86D1 /* bioswift-fastq */,
				A6DCFF011AC0ABA4007E86D1 /* bioswift-fastqTests */,
				A6DCFEF31AC0ABA4007E86D1 /* Products */,
			);
			sourceTree = "<group>";
		};
		A6DCFEF31AC0ABA4007E86D1 /* Products */ = {
			isa = PBXGroup;
			children = (
				A6DCFEF21AC0ABA4007E86D1 /* bioswift-fastq.framework */,
				A6DCFEFD1AC0ABA4007E86D1 /* bioswift-fastqTests.xctest */,
			);
			name = Products;
			sourceTree = "<group>";
		};
		A6DCFEF41AC0ABA4007E86D1 /* bioswift-fastq */ = {
			isa = PBXGroup;
			children = (
				A6DCFEF71AC0ABA4007E86D1 /* bioswift-fastq.h */,
				A6DCFF0E1AC0ABF7007E86D1 /* FASTQType.swift */,
				A6DCFEF51AC0ABA4007E86D1 /* Supporting Files */,
			);
			path = "bioswift-fastq";
			sourceTree = "<group>";
		};
		A6DCFEF51AC0ABA4007E86D1 /* Supporting Files */ = {
			isa = PBXGroup;
			children = (
				A6DCFEF61AC0ABA4007E86D1 /* Info.plist */,
			);
			name = "Supporting Files";
			sourceTree = "<group>";
		};
		A6DCFF011AC0ABA4007E86D1 /* bioswift-fastqTests */ = {
			isa = PBXGroup;
			children = (
				A6DCFF041AC0ABA4007E86D1 /* bioswift_fastqTests.swift */,
				A6DCFF021AC0ABA4007E86D1 /* Supporting Files */,
			);
			path = "bioswift-fastqTests";
			sourceTree = "<group>";
		};
		A6DCFF021AC0ABA4007E86D1 /* Supporting Files */ = {
			isa = PBXGroup;
			children = (
				A6DCFF031AC0ABA4007E86D1 /* Info.plist */,
			);
			name = "Supporting Files";
			sourceTree = "<group>";
		};
/* End PBXGroup section */

/* Begin PBXHeadersBuildPhase section */
		A6DCFEEF1AC0ABA4007E86D1 /* Headers */ = {
			isa = PBXHeadersBuildPhase;
			buildActionMask = 2147483647;
			files = (
				A6DCFEF81AC0ABA4007E86D1 /* bioswift-fastq.h in Headers */,
			);
			runOnlyForDeploymentPostprocessing = 0;
		};
/* End PBXHeadersBuildPhase section */

/* Begin PBXNativeTarget section */
		A6DCFEF11AC0ABA4007E86D1 /* bioswift-fastq */ = {
			isa = PBXNativeTarget;
			buildConfigurationList = A6DCFF081AC0ABA5007E86D1 /* Build configuration list for PBXNativeTarget "bioswift-fastq" */;
			buildPhases = (
				A6DCFEED1AC0ABA4007E86D1 /* Sources */,
				A6DCFEEE1AC0ABA4007E86D1 /* Frameworks */,
				A6DCFEEF1AC0ABA4007E86D1 /* Headers */,
				A6DCFEF01AC0ABA4007E86D1 /* Resources */,
			);
			buildRules = (
			);
			dependencies = (
			);
			name = "bioswift-fastq";
			productName = "bioswift-fastq";
			productReference = A6DCFEF21AC0ABA4007E86D1 /* bioswift-fastq.framework */;
			productType = "com.apple.product-type.framework";
		};
		A6DCFEFC1AC0ABA4007E86D1 /* bioswift-fastqTests */ = {
			isa = PBXNativeTarget;
			buildConfigurationList = A6DCFF0B1AC0ABA5007E86D1 /* Build configuration list for PBXNativeTarget "bioswift-fastqTests" */;
			buildPhases = (
				A6DCFEF91AC0ABA4007E86D1 /* Sources */,
				A6DCFEFA1AC0ABA4007E86D1 /* Frameworks */,
				A6DCFEFB1AC0ABA4007E86D1 /* Resources */,
			);
			buildRules = (
			);
			dependencies = (
				A6DCFF001AC0ABA4007E86D1 /* PBXTargetDependency */,
			);
			name = "bioswift-fastqTests";
			productName = "bioswift-fastqTests";
			productReference = A6DCFEFD1AC0ABA4007E86D1 /* bioswift-fastqTests.xctest */;
			productType = "com.apple.product-type.bundle.unit-test";
		};
/* End PBXNativeTarget section */

/* Begin PBXProject section */
		A6DCFEE91AC0ABA4007E86D1 /* Project object */ = {
			isa = PBXProject;
			attributes = {
				LastUpgradeCheck = 0630;
				ORGANIZATIONNAME = bluetatami;
				TargetAttributes = {
					A6DCFEF11AC0ABA4007E86D1 = {
						CreatedOnToolsVersion = 6.3;
					};
					A6DCFEFC1AC0ABA4007E86D1 = {
						CreatedOnToolsVersion = 6.3;
					};
				};
			};
			buildConfigurationList = A6DCFEEC1AC0ABA4007E86D1 /* Build configuration list for PBXProject "bioswift-fastq" */;
			compatibilityVersion = "Xcode 3.2";
			developmentRegion = English;
			hasScannedForEncodings = 0;
			knownRegions = (
				en,
			);
			mainGroup = A6DCFEE81AC0ABA4007E86D1;
			productRefGroup = A6DCFEF31AC0ABA4007E86D1 /* Products */;
			projectDirPath = "";
			projectRoot = "";
			targets = (
				A6DCFEF11AC0ABA4007E86D1 /* bioswift-fastq */,
				A6DCFEFC1AC0ABA4007E86D1 /* bioswift-fastqTests */,
			);
		};
/* End PBXProject section */

/* Begin PBXResourcesBuildPhase section */
		A6DCFEF01AC0ABA4007E86D1 /* Resources */ = {
			isa = PBXResourcesBuildPhase;
			buildActionMask = 2147483647;
			files = (
			);
			runOnlyForDeploymentPostprocessing = 0;
		};
		A6DCFEFB1AC0ABA4007E86D1 /* Resources */ = {
			isa = PBXResourcesBuildPhase;
			buildActionMask = 2147483647;
			files = (
			);
			runOnlyForDeploymentPostprocessing = 0;
		};
/* End PBXResourcesBuildPhase section */

/* Begin PBXSourcesBuildPhase section */
		A6DCFEED1AC0ABA4007E86D1 /* Sources */ = {
			isa = PBXSourcesBuildPhase;
			buildActionMask = 2147483647;
			files = (
				A6DCFF0F1AC0ABF7007E86D1 /* FASTQType.swift in Sources */,
			);
			runOnlyForDeploymentPostprocessing = 0;
		};
		A6DCFEF91AC0ABA4007E86D1 /* Sources */ = {
			isa = PBXSourcesBuildPhase;
			buildActionMask = 2147483647;
			files = (
				A6DCFF051AC0ABA4007E86D1 /* bioswift_fastqTests.swift in Sources */,
			);
			runOnlyForDeploymentPostprocessing = 0;
		};
/* End PBXSourcesBuildPhase section */

/* Begin PBXTargetDependency section */
		A6DCFF001AC0ABA4007E86D1 /* PBXTargetDependency */ = {
			isa = PBXTargetDependency;
			target = A6DCFEF11AC0ABA4007E86D1 /* bioswift-fastq */;
			targetProxy = A6DCFEFF1AC0ABA4007E86D1 /* PBXContainerItemProxy */;
		};
/* End PBXTargetDependency section */

/* Begin XCBuildConfiguration section */
		A6DCFF061AC0ABA5007E86D1 /* Debug */ = {
			isa = XCBuildConfiguration;
			buildSettings = {
				ALWAYS_SEARCH_USER_PATHS = NO;
				CLANG_CXX_LANGUAGE_STANDARD = "gnu++0x";
				CLANG_CXX_LIBRARY = "libc++";
				CLANG_ENABLE_MODULES = YES;
				CLANG_ENABLE_OBJC_ARC = YES;
				CLANG_WARN_BOOL_CONVERSION = YES;
				CLANG_WARN_CONSTANT_CONVERSION = YES;
				CLANG_WARN_DIRECT_OBJC_ISA_USAGE = YES_ERROR;
				CLANG_WARN_EMPTY_BODY = YES;
				CLANG_WARN_ENUM_CONVERSION = YES;
				CLANG_WARN_INT_CONVERSION = YES;
				CLANG_WARN_OBJC_ROOT_CLASS = YES_ERROR;
				CLANG_WARN_UNREACHABLE_CODE = YES;
				CLANG_WARN__DUPLICATE_METHOD_MATCH = YES;
				COPY_PHASE_STRIP = NO;
				CURRENT_PROJECT_VERSION = 1;
				DEBUG_INFORMATION_FORMAT = dwarf;
				ENABLE_STRICT_OBJC_MSGSEND = YES;
				GCC_C_LANGUAGE_STANDARD = gnu99;
				GCC_DYNAMIC_NO_PIC = NO;
				GCC_NO_COMMON_BLOCKS = YES;
				GCC_OPTIMIZATION_LEVEL = 0;
				GCC_PREPROCESSOR_DEFINITIONS = (
					"DEBUG=1",
					"$(inherited)",
				);
				GCC_SYMBOLS_PRIVATE_EXTERN = NO;
				GCC_WARN_64_TO_32_BIT_CONVERSION = YES;
				GCC_WARN_ABOUT_RETURN_TYPE = YES_ERROR;
				GCC_WARN_UNDECLARED_SELECTOR = YES;
				GCC_WARN_UNINITIALIZED_AUTOS = YES_AGGRESSIVE;
				GCC_WARN_UNUSED_FUNCTION = YES;
				GCC_WARN_UNUSED_VARIABLE = YES;
				MACOSX_DEPLOYMENT_TARGET = 10.10;
				MTL_ENABLE_DEBUG_INFO = YES;
				ONLY_ACTIVE_ARCH = YES;
				SDKROOT = macosx;
				SWIFT_OPTIMIZATION_LEVEL = "-Onone";
				VERSIONING_SYSTEM = "apple-generic";
				VERSION_INFO_PREFIX = "";
			};
			name = Debug;
		};
		A6DCFF071AC0ABA5007E86D1 /* Release */ = {
			isa = XCBuildConfiguration;
			buildSettings = {
				ALWAYS_SEARCH_USER_PATHS = NO;
				CLANG_CXX_LANGUAGE_STANDARD = "gnu++0x";
				CLANG_CXX_LIBRARY = "libc++";
				CLANG_ENABLE_MODULES = YES;
				CLANG_ENABLE_OBJC_ARC = YES;
				CLANG_WARN_BOOL_CONVERSION = YES;
				CLANG_WARN_CONSTANT_CONVERSION = YES;
				CLANG_WARN_DIRECT_OBJC_ISA_USAGE = YES_ERROR;
				CLANG_WARN_EMPTY_BODY = YES;
				CLANG_WARN_ENUM_CONVERSION = YES;
				CLANG_WARN_INT_CONVERSION = YES;
				CLANG_WARN_OBJC_ROOT_CLASS = YES_ERROR;
				CLANG_WARN_UNREACHABLE_CODE = YES;
				CLANG_WARN__DUPLICATE_METHOD_MATCH = YES;
				COPY_PHASE_STRIP = NO;
				CURRENT_PROJECT_VERSION = 1;
				DEBUG_INFORMATION_FORMAT = "dwarf-with-dsym";
				ENABLE_NS_ASSERTIONS = NO;
				ENABLE_STRICT_OBJC_MSGSEND = YES;
				GCC_C_LANGUAGE_STANDARD = gnu99;
				GCC_NO_COMMON_BLOCKS = YES;
				GCC_WARN_64_TO_32_BIT_CONVERSION = YES;
				GCC_WARN_ABOUT_RETURN_TYPE = YES_ERROR;
				GCC_WARN_UNDECLARED_SELECTOR = YES;
				GCC_WARN_UNINITIALIZED_AUTOS = YES_AGGRESSIVE;
				GCC_WARN_UNUSED_FUNCTION = YES;
				GCC_WARN_UNUSED_VARIABLE = YES;
				MACOSX_DEPLOYMENT_TARGET = 10.10;
				MTL_ENABLE_DEBUG_INFO = NO;
				SDKROOT = macosx;
				VERSIONING_SYSTEM = "apple-generic";
				VERSION_INFO_PREFIX = "";
			};
			name = Release;
		};
		A6DCFF091AC0ABA5007E86D1 /* Debug */ = {
			isa = XCBuildConfiguration;
			buildSettings = {
				CLANG_ENABLE_MODULES = YES;
				COMBINE_HIDPI_IMAGES = YES;
				DEFINES_MODULE = YES;
				DYLIB_COMPATIBILITY_VERSION = 1;
				DYLIB_CURRENT_VERSION = 1;
				DYLIB_INSTALL_NAME_BASE = "@rpath";
				FRAMEWORK_VERSION = A;
				INFOPLIST_FILE = "bioswift-fastq/Info.plist";
				INSTALL_PATH = "$(LOCAL_LIBRARY_DIR)/Frameworks";
				LD_RUNPATH_SEARCH_PATHS = "$(inherited) @executable_path/../Frameworks @loader_path/Frameworks";
				PRODUCT_NAME = "$(TARGET_NAME)";
				SKIP_INSTALL = YES;
				SWIFT_OPTIMIZATION_LEVEL = "-Onone";
			};
			name = Debug;
		};
		A6DCFF0A1AC0ABA5007E86D1 /* Release */ = {
			isa = XCBuildConfiguration;
			buildSettings = {
				CLANG_ENABLE_MODULES = YES;
				COMBINE_HIDPI_IMAGES = YES;
				DEFINES_MODULE = YES;
				DYLIB_COMPATIBILITY_VERSION = 1;
				DYLIB_CURRENT_VERSION = 1;
				DYLIB_INSTALL_NAME_BASE = "@rpath";
				FRAMEWORK_VERSION = A;
				INFOPLIST_FILE = "bioswift-fastq/Info.plist";
				INSTALL_PATH = "$(LOCAL_LIBRARY_DIR)/Frameworks";
				LD_RUNPATH_SEARCH_PATHS = "$(inherited) @executable_path/../Frameworks @loader_path/Frameworks";
				PRODUCT_NAME = "$(TARGET_NAME)";
				SKIP_INSTALL = YES;
			};
			name = Release;
		};
		A6DCFF0C1AC0ABA5007E86D1 /* Debug */ = {
			isa = XCBuildConfiguration;
			buildSettings = {
				COMBINE_HIDPI_IMAGES = YES;
				FRAMEWORK_SEARCH_PATHS = (
					"$(DEVELOPER_FRAMEWORKS_DIR)",
					"$(inherited)",
				);
				GCC_PREPROCESSOR_DEFINITIONS = (
					"DEBUG=1",
					"$(inherited)",
				);
				INFOPLIST_FILE = "bioswift-fastqTests/Info.plist";
				LD_RUNPATH_SEARCH_PATHS = "$(inherited) @executable_path/../Frameworks @loader_path/../Frameworks";
				PRODUCT_NAME = "$(TARGET_NAME)";
			};
			name = Debug;
		};
		A6DCFF0D1AC0ABA5007E86D1 /* Release */ = {
			isa = XCBuildConfiguration;
			buildSettings = {
				COMBINE_HIDPI_IMAGES = YES;
				FRAMEWORK_SEARCH_PATHS = (
					"$(DEVELOPER_FRAMEWORKS_DIR)",
					"$(inherited)",
				);
				INFOPLIST_FILE = "bioswift-fastqTests/Info.plist";
				LD_RUNPATH_SEARCH_PATHS = "$(inherited) @executable_path/../Frameworks @loader_path/../Frameworks";
				PRODUCT_NAME = "$(TARGET_NAME)";
			};
			name = Release;
		};
/* End XCBuildConfiguration section */

/* Begin XCConfigurationList section */
		A6DCFEEC1AC0ABA4007E86D1 /* Build configuration list for PBXProject "bioswift-fastq" */ = {
			isa = XCConfigurationList;
			buildConfigurations = (
				A6DCFF061AC0ABA5007E86D1 /* Debug */,
				A6DCFF071AC0ABA5007E86D1 /* Release */,
			);
			defaultConfigurationIsVisible = 0;
			defaultConfigurationName = Release;
		};
		A6DCFF081AC0ABA5007E86D1 /* Build configuration list for PBXNativeTarget "bioswift-fastq" */ = {
			isa = XCConfigurationList;
			buildConfigurations = (
				A6DCFF091AC0ABA5007E86D1 /* Debug */,
				A6DCFF0A1AC0ABA5007E86D1 /* Release */,
			);
			defaultConfigurationIsVisible = 0;
		};
		A6DCFF0B1AC0ABA5007E86D1 /* Build configuration list for PBXNativeTarget "bioswift-fastqTests" */ = {
			isa = XCConfigurationList;
			buildConfigurations = (
				A6DCFF0C1AC0ABA5007E86D1 /* Debug */,
				A6DCFF0D1AC0ABA5007E86D1 /* Release */,
			);
			defaultConfigurationIsVisible = 0;
		};
/* End XCConfigurationList section */
	};
	rootObject = A6DCFEE91AC0ABA4007E86D1 /* Project object */;
}
